{
  "name": "-Plant-Disease-Detection-sytem-main",
  "lockfileVersion": 3,
  "requires": true,
  "packages": {
    "": {
      "dependencies": {
        "@expo-google-fonts/onest": "^0.4.1"
      }
    },
    "node_modules/@expo-google-fonts/onest": {
      "version": "0.4.1",
      "resolved": "https://registry.npmjs.org/@expo-google-fonts/onest/-/onest-0.4.1.tgz",
      "integrity": "sha512-g+onvw0be9D/W/5WPYaEP+PT/MUma+Gb6O1n/T0FvRBMRx5fMHDMwjwzd3vY95G5zEAxPv1e53XIpxHiKd5DoA==",
      "license": "MIT AND OFL-1.1"
    }
  }
}
